
Microsoft Visual Studio Solution File, Format Version 12.00
# Visual Studio Version 16
VisualStudioVersion = 16.0.31402.337
MinimumVisualStudioVersion = 10.0.40219.1
Project("{2150E333-8FDC-42A3-9474-1A3956D46DE8}") = "Services", "Services", "{C2332CF9-84B6-4E4D-BEA6-986BF08F1407}"
EndProject
Project("{2150E333-8FDC-42A3-9474-1A3956D46DE8}") = "Catalog", "Catalog", "{6166150B-7291-43FF-8E8D-BC4605018171}"
EndProject
Project("{9A19103F-16F7-4668-BE54-9A1E7A4F7556}") = "Catalog.Api", "Catalog.Api\Catalog.Api.csproj", "{9B54F617-0A9A-44C2-8BFF-3D5E3962556D}"
EndProject
Project("{E53339B2-1760-4266-BCC7-CA923CBCF16C}") = "docker-compose", "docker-compose.dcproj", "{07D513E0-4416-4DF8-9876-3E3807BF16B4}"
EndProject
Project("{2150E333-8FDC-42A3-9474-1A3956D46DE8}") = "Basket", "Basket", "{8025C9C9-BA2D-4511-AA59-0DE5218A7638}"
EndProject
Project("{FAE04EC0-301F-11D3-BF4B-00C04F79EFBC}") = "Baskat.API", "Services\Basket\Baskat.API\Baskat.API.csproj", "{329AAE4A-ADCB-4F59-AF04-8D22F500E7B2}"
EndProject
Global
	GlobalSection(SolutionConfigurationPlatforms) = preSolution
		Debug|Any CPU = Debug|Any CPU
		Release|Any CPU = Release|Any CPU
	EndGlobalSection
	GlobalSection(ProjectConfigurationPlatforms) = postSolution
		{9B54F617-0A9A-44C2-8BFF-3D5E3962556D}.Debug|Any CPU.ActiveCfg = Debug|Any CPU
		{9B54F617-0A9A-44C2-8BFF-3D5E3962556D}.Debug|Any CPU.Build.0 = Debug|Any CPU
		{9B54F617-0A9A-44C2-8BFF-3D5E3962556D}.Release|Any CPU.ActiveCfg = Release|Any CPU
		{9B54F617-0A9A-44C2-8BFF-3D5E3962556D}.Release|Any CPU.Build.0 = Release|Any CPU
		{07D513E0-4416-4DF8-9876-3E3807BF16B4}.Debug|Any CPU.ActiveCfg = Debug|Any CPU
		{07D513E0-4416-4DF8-9876-3E3807BF16B4}.Debug|Any CPU.Build.0 = Debug|Any CPU
		{07D513E0-4416-4DF8-9876-3E3807BF16B4}.Release|Any CPU.ActiveCfg = Release|Any CPU
		{07D513E0-4416-4DF8-9876-3E3807BF16B4}.Release|Any CPU.Build.0 = Release|Any CPU
		{329AAE4A-ADCB-4F59-AF04-8D22F500E7B2}.Debug|Any CPU.ActiveCfg = Debug|Any CPU
		{329AAE4A-ADCB-4F59-AF04-8D22F500E7B2}.Debug|Any CPU.Build.0 = Debug|Any CPU
		{329AAE4A-ADCB-4F59-AF04-8D22F500E7B2}.Release|Any CPU.ActiveCfg = Release|Any CPU
		{329AAE4A-ADCB-4F59-AF04-8D22F500E7B2}.Release|Any CPU.Build.0 = Release|Any CPU
	EndGlobalSection
	GlobalSection(SolutionProperties) = preSolution
		HideSolutionNode = FALSE
	EndGlobalSection
	GlobalSection(NestedProjects) = preSolution
		{6166150B-7291-43FF-8E8D-BC4605018171} = {C2332CF9-84B6-4E4D-BEA6-986BF08F1407}
		{9B54F617-0A9A-44C2-8BFF-3D5E3962556D} = {6166150B-7291-43FF-8E8D-BC4605018171}
		{8025C9C9-BA2D-4511-AA59-0DE5218A7638} = {C2332CF9-84B6-4E4D-BEA6-986BF08F1407}
		{329AAE4A-ADCB-4F59-AF04-8D22F500E7B2} = {8025C9C9-BA2D-4511-AA59-0DE5218A7638}
	EndGlobalSection
	GlobalSection(ExtensibilityGlobals) = postSolution
		SolutionGuid = {7BC2B623-5E79-4C59-86D5-C7E8770A5882}
	EndGlobalSection
EndGlobal
